# This file was autogenerated by Stack.
# You should not edit this file by hand.
# For more information, please see the documentation at:
#   https://docs.haskellstack.org/en/stable/lock_files

packages:
- completed:
    hackage: effectful-2.2.2.0@sha256:1d5682727c2d5ebd83f7a7ae0ef809369422ccd37d4157ae7e2084f2a1cf6cfd,6044
    pantry-tree:
      sha256: 3719fc29567eb572128ba36da8ff19f71756bd2a2e86b9a3622084a78807da09
      size: 2549
  original:
    hackage: effectful-2.2.2.0@sha256:1d5682727c2d5ebd83f7a7ae0ef809369422ccd37d4157ae7e2084f2a1cf6cfd,6044
- completed:
    hackage: effectful-core-2.2.2.2@sha256:ebbf61f024a08c7bb5e569b1c6856c0ca92687d6a5ff01d24d28567948c402fc,3477
    pantry-tree:
      sha256: 518687a306562d3e9c93a6363a8304481a11d77460f1f84e7129895f01b240cb
      size: 1918
  original:
    hackage: effectful-core-2.2.2.2@sha256:ebbf61f024a08c7bb5e569b1c6856c0ca92687d6a5ff01d24d28567948c402fc,3477
snapshots:
- completed:
    sha256: abcc4a65c15c7c2313f1a87f01bfd4d910516e1930b99653eef1d2d006515916
    size: 640074
    url: https://raw.githubusercontent.com/commercialhaskell/stackage-snapshots/master/lts/21/24.yaml
  original:
    url: https://raw.githubusercontent.com/commercialhaskell/stackage-snapshots/master/lts/21/24.yaml
